// !$*UTF8*$!
{
	archiveVersion = 1;
	classes = {
	};
	objectVersion = 50;
	objects = {

/* Begin PBXBuildFile section */
		186A70C720EF3C1D0091F09B /* AppDelegate.m in Sources */ = {isa = PBXBuildFile; fileRef = 186A70C620EF3C1D0091F09B /* AppDelegate.m */; };
		186A70CA20EF3C1D0091F09B /* ViewController.m in Sources */ = {isa = PBXBuildFile; fileRef = 186A70C920EF3C1D0091F09B /* ViewController.m */; };
		186A70CD20EF3C1D0091F09B /* Main.storyboard in Resources */ = {isa = PBXBuildFile; fileRef = 186A70CB20EF3C1D0091F09B /* Main.storyboard */; };
		186A70CF20EF3C1F0091F09B /* Assets.xcassets in Resources */ = {isa = PBXBuildFile; fileRef = 186A70CE20EF3C1F0091F09B /* Assets.xcassets */; };
		186A70D220EF3C1F0091F09B /* LaunchScreen.storyboard in Resources */ = {isa = PBXBuildFile; fileRef = 186A70D020EF3C1F0091F09B /* LaunchScreen.storyboard */; };
		186A70D520EF3C1F0091F09B /* main.m in Sources */ = {isa = PBXBuildFile; fileRef = 186A70D420EF3C1F0091F09B /* main.m */; };
/* End PBXBuildFile section */

/* Begin PBXFileReference section */
		186A70C220EF3C1D0091F09B /* category的使用和底层原理.app */ = {isa = PBXFileReference; explicitFileType = wrapper.application; includeInIndex = 0; path = "category的使用和底层原理.app"; sourceTree = BUILT_PRODUCTS_DIR; };
		186A70C520EF3C1D0091F09B /* AppDelegate.h */ = {isa = PBXFileReference; lastKnownFileType = sourcecode.c.h; path = AppDelegate.h; sourceTree = "<group>"; };
		186A70C620EF3C1D0091F09B /* AppDelegate.m */ = {isa = PBXFileReference; lastKnownFileType = sourcecode.c.objc; path = AppDelegate.m; sourceTree = "<group>"; };
		186A70C820EF3C1D0091F09B /* ViewController.h */ = {isa = PBXFileReference; lastKnownFileType = sourcecode.c.h; path = ViewController.h; sourceTree = "<group>"; };
		186A70C920EF3C1D0091F09B /* ViewController.m */ = {isa = PBXFileReference; lastKnownFileType = sourcecode.c.objc; path = ViewController.m; sourceTree = "<group>"; };
		186A70CC20EF3C1D0091F09B /* Base */ = {isa = PBXFileReference; lastKnownFileType = file.storyboard; name = Base; path = Base.lproj/Main.storyboard; sourceTree = "<group>"; };
		186A70CE20EF3C1F0091F09B /* Assets.xcassets */ = {isa = PBXFileReference; lastKnownFileType = folder.assetcatalog; path = Assets.xcassets; sourceTree = "<group>"; };
		186A70D120EF3C1F0091F09B /* Base */ = {isa = PBXFileReference; lastKnownFileType = file.storyboard; name = Base; path = Base.lproj/LaunchScreen.storyboard; sourceTree = "<group>"; };
		186A70D320EF3C1F0091F09B /* Info.plist */ = {isa = PBXFileReference; lastKnownFileType = text.plist.xml; path = Info.plist; sourceTree = "<group>"; };
		186A70D420EF3C1F0091F09B /* main.m */ = {isa = PBXFileReference; lastKnownFileType = sourcecode.c.objc; path = main.m; sourceTree = "<group>"; };
/* End PBXFileReference section */

/* Begin PBXFrameworksBuildPhase section */
		186A70BF20EF3C1D0091F09B /* Frameworks */ = {
			isa = PBXFrameworksBuildPhase;
			buildActionMask = 2147483647;
			files = (
			);
			runOnlyForDeploymentPostprocessing = 0;
		};
/* End PBXFrameworksBuildPhase section */

/* Begin PBXGroup section */
		186A70B920EF3C1D0091F09B = {
			isa = PBXGroup;
			children = (
				186A70C420EF3C1D0091F09B /* category的使用和底层原理 */,
				186A70C320EF3C1D0091F09B /* Products */,
			);
			sourceTree = "<group>";
		};
		186A70C320EF3C1D0091F09B /* Products */ = {
			isa = PBXGroup;
			children = (
				186A70C220EF3C1D0091F09B /* category的使用和底层原理.app */,
			);
			name = Products;
			sourceTree = "<group>";
		};
		186A70C420EF3C1D0091F09B /* category的使用和底层原理 */ = {
			isa = PBXGroup;
			children = (
				186A70C520EF3C1D0091F09B /* AppDelegate.h */,
				186A70C620EF3C1D0091F09B /* AppDelegate.m */,
				186A70C820EF3C1D0091F09B /* ViewController.h */,
				186A70C920EF3C1D0091F09B /* ViewController.m */,
				186A70CB20EF3C1D0091F09B /* Main.storyboard */,
				186A70CE20EF3C1F0091F09B /* Assets.xcassets */,
				186A70D020EF3C1F0091F09B /* LaunchScreen.storyboard */,
				186A70D320EF3C1F0091F09B /* Info.plist */,
				186A70D420EF3C1F0091F09B /* main.m */,
			);
			path = "category的使用和底层原理";
			sourceTree = "<group>";
		};
/* End PBXGroup section */

/* Begin PBXNativeTarget section */
		186A70C120EF3C1D0091F09B /* category的使用和底层原理 */ = {
			isa = PBXNativeTarget;
			buildConfigurationList = 186A70D820EF3C1F0091F09B /* Build configuration list for PBXNativeTarget "category的使用和底层原理" */;
			buildPhases = (
				186A70BE20EF3C1D0091F09B /* Sources */,
				186A70BF20EF3C1D0091F09B /* Frameworks */,
				186A70C020EF3C1D0091F09B /* Resources */,
			);
			buildRules = (
			);
			dependencies = (
			);
			name = "category的使用和底层原理";
			productName = "category的使用和底层原理";
			productReference = 186A70C220EF3C1D0091F09B /* category的使用和底层原理.app */;
			productType = "com.apple.product-type.application";
		};
/* End PBXNativeTarget section */

/* Begin PBXProject section */
		186A70BA20EF3C1D0091F09B /* Project object */ = {
			isa = PBXProject;
			attributes = {
				LastUpgradeCheck = 0930;
				ORGANIZATIONNAME = apple;
				TargetAttributes = {
					186A70C120EF3C1D0091F09B = {
						CreatedOnToolsVersion = 9.3;
					};
				};
			};
			buildConfigurationList = 186A70BD20EF3C1D0091F09B /* Build configuration list for PBXProject "category的使用和底层原理" */;
			compatibilityVersion = "Xcode 9.3";
			developmentRegion = en;
			hasScannedForEncodings = 0;
			knownRegions = (
				en,
				Base,
			);
			mainGroup = 186A70B920EF3C1D0091F09B;
			productRefGroup = 186A70C320EF3C1D0091F09B /* Products */;
			projectDirPath = "";
			projectRoot = "";
			targets = (
				186A70C120EF3C1D0091F09B /* category的使用和底层原理 */,
			);
		};
/* End PBXProject section */

/* Begin PBXResourcesBuildPhase section */
		186A70C020EF3C1D0091F09B /* Resources */ = {
			isa = PBXResourcesBuildPhase;
			buildActionMask = 2147483647;
			files = (
				186A70D220EF3C1F0091F09B /* LaunchScreen.storyboard in Resources */,
				186A70CF20EF3C1F0091F09B /* Assets.xcassets in Resources */,
				186A70CD20EF3C1D0091F09B /* Main.storyboard in Resources */,
			);
			runOnlyForDeploymentPostprocessing = 0;
		};
/* End PBXResourcesBuildPhase section */

/* Begin PBXSourcesBuildPhase section */
		186A70BE20EF3C1D0091F09B /* Sources */ = {
			isa = PBXSourcesBuildPhase;
			buildActionMask = 2147483647;
			files = (
				186A70CA20EF3C1D0091F09B /* ViewController.m in Sources */,
				186A70D520EF3C1F0091F09B /* main.m in Sources */,
				186A70C720EF3C1D0091F09B /* AppDelegate.m in Sources */,
			);
			runOnlyForDeploymentPostprocessing = 0;
		};
/* End PBXSourcesBuildPhase section */

/* Begin PBXVariantGroup section */
		186A70CB20EF3C1D0091F09B /* Main.storyboard */ = {
			isa = PBXVariantGroup;
			children = (
				186A70CC20EF3C1D0091F09B /* Base */,
			);
			name = Main.storyboard;
			sourceTree = "<group>";
		};
		186A70D020EF3C1F0091F09B /* LaunchScreen.storyboard */ = {
			isa = PBXVariantGroup;
			children = (
				186A70D120EF3C1F0091F09B /* Base */,
			);
			name = LaunchScreen.storyboard;
			sourceTree = "<group>";
		};
/* End PBXVariantGroup section */

/* Begin XCBuildConfiguration section */
		186A70D620EF3C1F0091F09B /* Debug */ = {
			isa = XCBuildConfiguration;
			buildSettings = {
				ALWAYS_SEARCH_USER_PATHS = NO;
				CLANG_ANALYZER_NONNULL = YES;
				CLANG_ANALYZER_NUMBER_OBJECT_CONVERSION = YES_AGGRESSIVE;
				CLANG_CXX_LANGUAGE_STANDARD = "gnu++14";
				CLANG_CXX_LIBRARY = "libc++";
				CLANG_ENABLE_MODULES = YES;
				CLANG_ENABLE_OBJC_ARC = YES;
				CLANG_ENABLE_OBJC_WEAK = YES;
				CLANG_WARN_BLOCK_CAPTURE_AUTORELEASING = YES;
				CLANG_WARN_BOOL_CONVERSION = YES;
				CLANG_WARN_COMMA = YES;
				CLANG_WARN_CONSTANT_CONVERSION = YES;
				CLANG_WARN_DEPRECATED_OBJC_IMPLEMENTATIONS = YES;
				CLANG_WARN_DIRECT_OBJC_ISA_USAGE = YES_ERROR;
				CLANG_WARN_DOCUMENTATION_COMMENTS = YES;
				CLANG_WARN_EMPTY_BODY = YES;
				CLANG_WARN_ENUM_CONVERSION = YES;
				CLANG_WARN_INFINITE_RECURSION = YES;
				CLANG_WARN_INT_CONVERSION = YES;
				CLANG_WARN_NON_LITERAL_NULL_CONVERSION = YES;
				CLANG_WARN_OBJC_IMPLICIT_RETAIN_SELF = YES;
				CLANG_WARN_OBJC_LITERAL_CONVERSION = YES;
				CLANG_WARN_OBJC_ROOT_CLASS = YES_ERROR;
				CLANG_WARN_RANGE_LOOP_ANALYSIS = YES;
				CLANG_WARN_STRICT_PROTOTYPES = YES;
				CLANG_WARN_SUSPICIOUS_MOVE = YES;
				CLANG_WARN_UNGUARDED_AVAILABILITY = YES_AGGRESSIVE;
				CLANG_WARN_UNREACHABLE_CODE = YES;
				CLANG_WARN__DUPLICATE_METHOD_MATCH = YES;
				CODE_SIGN_IDENTITY = "iPhone Developer";
				COPY_PHASE_STRIP = NO;
				DEBUG_INFORMATION_FORMAT = dwarf;
				ENABLE_STRICT_OBJC_MSGSEND = YES;
				ENABLE_TESTABILITY = YES;
				GCC_C_LANGUAGE_STANDARD = gnu11;
				GCC_DYNAMIC_NO_PIC = NO;
				GCC_NO_COMMON_BLOCKS = YES;
				GCC_OPTIMIZATION_LEVEL = 0;
				GCC_PREPROCESSOR_DEFINITIONS = (
					"DEBUG=1",
					"$(inherited)",
				);
				GCC_WARN_64_TO_32_BIT_CONVERSION = YES;
				GCC_WARN_ABOUT_RETURN_TYPE = YES_ERROR;
				GCC_WARN_UNDECLARED_SELECTOR = YES;
				GCC_WARN_UNINITIALIZED_AUTOS = YES_AGGRESSIVE;
				GCC_WARN_UNUSED_FUNCTION = YES;
				GCC_WARN_UNUSED_VARIABLE = YES;
				IPHONEOS_DEPLOYMENT_TARGET = 11.3;
				MTL_ENABLE_DEBUG_INFO = YES;
				ONLY_ACTIVE_ARCH = YES;
				SDKROOT = iphoneos;
			};
			name = Debug;
		};
		186A70D720EF3C1F0091F09B /* Release */ = {
			isa = XCBuildConfiguration;
			buildSettings = {
				ALWAYS_SEARCH_USER_PATHS = NO;
				CLANG_ANALYZER_NONNULL = YES;
				CLANG_ANALYZER_NUMBER_OBJECT_CONVERSION = YES_AGGRESSIVE;
				CLANG_CXX_LANGUAGE_STANDARD = "gnu++14";
				CLANG_CXX_LIBRARY = "libc++";
				CLANG_ENABLE_MODULES = YES;
				CLANG_ENABLE_OBJC_ARC = YES;
				CLANG_ENABLE_OBJC_WEAK = YES;
				CLANG_WARN_BLOCK_CAPTURE_AUTORELEASING = YES;
				CLANG_WARN_BOOL_CONVERSION = YES;
				CLANG_WARN_COMMA = YES;
				CLANG_WARN_CONSTANT_CONVERSION = YES;
				CLANG_WARN_DEPRECATED_OBJC_IMPLEMENTATIONS = YES;
				CLANG_WARN_DIRECT_OBJC_ISA_USAGE = YES_ERROR;
				CLANG_WARN_DOCUMENTATION_COMMENTS = YES;
				CLANG_WARN_EMPTY_BODY = YES;
				CLANG_WARN_ENUM_CONVERSION = YES;
				CLANG_WARN_INFINITE_RECURSION = YES;
				CLANG_WARN_INT_CONVERSION = YES;
				CLANG_WARN_NON_LITERAL_NULL_CONVERSION = YES;
				CLANG_WARN_OBJC_IMPLICIT_RETAIN_SELF = YES;
				CLANG_WARN_OBJC_LITERAL_CONVERSION = YES;
				CLANG_WARN_OBJC_ROOT_CLASS = YES_ERROR;
				CLANG_WARN_RANGE_LOOP_ANALYSIS = YES;
				CLANG_WARN_STRICT_PROTOTYPES = YES;
				CLANG_WARN_SUSPICIOUS_MOVE = YES;
				CLANG_WARN_UNGUARDED_AVAILABILITY = YES_AGGRESSIVE;
				CLANG_WARN_UNREACHABLE_CODE = YES;
				CLANG_WARN__DUPLICATE_METHOD_MATCH = YES;
				CODE_SIGN_IDENTITY = "iPhone Developer";
				COPY_PHASE_STRIP = NO;
				DEBUG_INFORMATION_FORMAT = "dwarf-with-dsym";
				ENABLE_NS_ASSERTIONS = NO;
				ENABLE_STRICT_OBJC_MSGSEND = YES;
				GCC_C_LANGUAGE_STANDARD = gnu11;
				GCC_NO_COMMON_BLOCKS = YES;
				GCC_WARN_64_TO_32_BIT_CONVERSION = YES;
				GCC_WARN_ABOUT_RETURN_TYPE = YES_ERROR;
				GCC_WARN_UNDECLARED_SELECTOR = YES;
				GCC_WARN_UNINITIALIZED_AUTOS = YES_AGGRESSIVE;
				GCC_WARN_UNUSED_FUNCTION = YES;
				GCC_WARN_UNUSED_VARIABLE = YES;
				IPHONEOS_DEPLOYMENT_TARGET = 11.3;
				MTL_ENABLE_DEBUG_INFO = NO;
				SDKROOT = iphoneos;
				VALIDATE_PRODUCT = YES;
			};
			name = Release;
		};
		186A70D920EF3C1F0091F09B /* Debug */ = {
			isa = XCBuildConfiguration;
			buildSettings = {
				ASSETCATALOG_COMPILER_APPICON_NAME = AppIcon;
				CODE_SIGN_STYLE = Automatic;
				INFOPLIST_FILE = "category的使用和底层原理/Info.plist";
				LD_RUNPATH_SEARCH_PATHS = (
					"$(inherited)",
					"@executable_path/Frameworks",
				);
				PRODUCT_BUNDLE_IDENTIFIER = "com.my.computer.ABC.category--------";
				PRODUCT_NAME = "$(TARGET_NAME)";
				TARGETED_DEVICE_FAMILY = "1,2";
			};
			name = Debug;
		};
		186A70DA20EF3C1F0091F09B /* Release */ = {
			isa = XCBuildConfiguration;
			buildSettings = {
				ASSETCATALOG_COMPILER_APPICON_NAME = AppIcon;
				CODE_SIGN_STYLE = Automatic;
				INFOPLIST_FILE = "category的使用和底层原理/Info.plist";
				LD_RUNPATH_SEARCH_PATHS = (
					"$(inherited)",
					"@executable_path/Frameworks",
				);
				PRODUCT_BUNDLE_IDENTIFIER = "com.my.computer.ABC.category--------";
				PRODUCT_NAME = "$(TARGET_NAME)";
				TARGETED_DEVICE_FAMILY = "1,2";
			};
			name = Release;
		};
/* End XCBuildConfiguration section */

/* Begin XCConfigurationList section */
		186A70BD20EF3C1D0091F09B /* Build configuration list for PBXProject "category的使用和底层原理" */ = {
			isa = XCConfigurationList;
			buildConfigurations = (
				186A70D620EF3C1F0091F09B /* Debug */,
				186A70D720EF3C1F0091F09B /* Release */,
			);
			defaultConfigurationIsVisible = 0;
			defaultConfigurationName = Release;
		};
		186A70D820EF3C1F0091F09B /* Build configuration list for PBXNativeTarget "category的使用和底层原理" */ = {
			isa = XCConfigurationList;
			buildConfigurations = (
				186A70D920EF3C1F0091F09B /* Debug */,
				186A70DA20EF3C1F0091F09B /* Release */,
			);
			defaultConfigurationIsVisible = 0;
			defaultConfigurationName = Release;
		};
/* End XCConfigurationList section */
	};
	rootObject = 186A70BA20EF3C1D0091F09B /* Project object */;
}
