// !$*UTF8*$!
{
	archiveVersion = 1;
	classes = {
	};
	objectVersion = 50;
	objects = {

/* Begin PBXBuildFile section */
		1808A1D9212118D700238402 /* main.m in Sources */ = {isa = PBXBuildFile; fileRef = 1808A1D8212118D700238402 /* main.m */; };
		1808A1E1212119C900238402 /* DGPerson.m in Sources */ = {isa = PBXBuildFile; fileRef = 1808A1E0212119C900238402 /* DGPerson.m */; };
		1808A1E421211A4000238402 /* DGStudent.m in Sources */ = {isa = PBXBuildFile; fileRef = 1808A1E321211A4000238402 /* DGStudent.m */; };
/* End PBXBuildFile section */

/* Begin PBXCopyFilesBuildPhase section */
		1808A1D3212118D700238402 /* CopyFiles */ = {
			isa = PBXCopyFilesBuildPhase;
			buildActionMask = 2147483647;
			dstPath = /usr/share/man/man1/;
			dstSubfolderSpec = 0;
			files = (
			);
			runOnlyForDeploymentPostprocessing = 1;
		};
/* End PBXCopyFilesBuildPhase section */

/* Begin PBXFileReference section */
		1808A1D5212118D700238402 /* llvm转化 */ = {isa = PBXFileReference; explicitFileType = "compiled.mach-o.executable"; includeInIndex = 0; path = "llvm转化"; sourceTree = BUILT_PRODUCTS_DIR; };
		1808A1D8212118D700238402 /* main.m */ = {isa = PBXFileReference; lastKnownFileType = sourcecode.c.objc; path = main.m; sourceTree = "<group>"; };
		1808A1DF212119C900238402 /* DGPerson.h */ = {isa = PBXFileReference; lastKnownFileType = sourcecode.c.h; path = DGPerson.h; sourceTree = "<group>"; };
		1808A1E0212119C900238402 /* DGPerson.m */ = {isa = PBXFileReference; lastKnownFileType = sourcecode.c.objc; path = DGPerson.m; sourceTree = "<group>"; };
		1808A1E221211A4000238402 /* DGStudent.h */ = {isa = PBXFileReference; lastKnownFileType = sourcecode.c.h; path = DGStudent.h; sourceTree = "<group>"; };
		1808A1E321211A4000238402 /* DGStudent.m */ = {isa = PBXFileReference; lastKnownFileType = sourcecode.c.objc; path = DGStudent.m; sourceTree = "<group>"; };
		1808A1E521211DD400238402 /* main.ll */ = {isa = PBXFileReference; lastKnownFileType = sourcecode.asm.llvm; path = main.ll; sourceTree = "<group>"; };
/* End PBXFileReference section */

/* Begin PBXFrameworksBuildPhase section */
		1808A1D2212118D700238402 /* Frameworks */ = {
			isa = PBXFrameworksBuildPhase;
			buildActionMask = 2147483647;
			files = (
			);
			runOnlyForDeploymentPostprocessing = 0;
		};
/* End PBXFrameworksBuildPhase section */

/* Begin PBXGroup section */
		1808A1CC212118D700238402 = {
			isa = PBXGroup;
			children = (
				1808A1D7212118D700238402 /* llvm转化 */,
				1808A1D6212118D700238402 /* Products */,
			);
			sourceTree = "<group>";
		};
		1808A1D6212118D700238402 /* Products */ = {
			isa = PBXGroup;
			children = (
				1808A1D5212118D700238402 /* llvm转化 */,
			);
			name = Products;
			sourceTree = "<group>";
		};
		1808A1D7212118D700238402 /* llvm转化 */ = {
			isa = PBXGroup;
			children = (
				1808A1E521211DD400238402 /* main.ll */,
				1808A1D8212118D700238402 /* main.m */,
				1808A1DF212119C900238402 /* DGPerson.h */,
				1808A1E0212119C900238402 /* DGPerson.m */,
				1808A1E221211A4000238402 /* DGStudent.h */,
				1808A1E321211A4000238402 /* DGStudent.m */,
			);
			path = "llvm转化";
			sourceTree = "<group>";
		};
/* End PBXGroup section */

/* Begin PBXNativeTarget section */
		1808A1D4212118D700238402 /* llvm转化 */ = {
			isa = PBXNativeTarget;
			buildConfigurationList = 1808A1DC212118D700238402 /* Build configuration list for PBXNativeTarget "llvm转化" */;
			buildPhases = (
				1808A1D1212118D700238402 /* Sources */,
				1808A1D2212118D700238402 /* Frameworks */,
				1808A1D3212118D700238402 /* CopyFiles */,
			);
			buildRules = (
			);
			dependencies = (
			);
			name = "llvm转化";
			productName = "llvm转化";
			productReference = 1808A1D5212118D700238402 /* llvm转化 */;
			productType = "com.apple.product-type.tool";
		};
/* End PBXNativeTarget section */

/* Begin PBXProject section */
		1808A1CD212118D700238402 /* Project object */ = {
			isa = PBXProject;
			attributes = {
				LastUpgradeCheck = 0940;
				ORGANIZATIONNAME = apple;
				TargetAttributes = {
					1808A1D4212118D700238402 = {
						CreatedOnToolsVersion = 9.4.1;
					};
				};
			};
			buildConfigurationList = 1808A1D0212118D700238402 /* Build configuration list for PBXProject "llvm转化" */;
			compatibilityVersion = "Xcode 9.3";
			developmentRegion = en;
			hasScannedForEncodings = 0;
			knownRegions = (
				en,
			);
			mainGroup = 1808A1CC212118D700238402;
			productRefGroup = 1808A1D6212118D700238402 /* Products */;
			projectDirPath = "";
			projectRoot = "";
			targets = (
				1808A1D4212118D700238402 /* llvm转化 */,
			);
		};
/* End PBXProject section */

/* Begin PBXSourcesBuildPhase section */
		1808A1D1212118D700238402 /* Sources */ = {
			isa = PBXSourcesBuildPhase;
			buildActionMask = 2147483647;
			files = (
				1808A1E421211A4000238402 /* DGStudent.m in Sources */,
				1808A1D9212118D700238402 /* main.m in Sources */,
				1808A1E1212119C900238402 /* DGPerson.m in Sources */,
			);
			runOnlyForDeploymentPostprocessing = 0;
		};
/* End PBXSourcesBuildPhase section */

/* Begin XCBuildConfiguration section */
		1808A1DA212118D700238402 /* Debug */ = {
			isa = XCBuildConfiguration;
			buildSettings = {
				ALWAYS_SEARCH_USER_PATHS = NO;
				CLANG_ANALYZER_NONNULL = YES;
				CLANG_ANALYZER_NUMBER_OBJECT_CONVERSION = YES_AGGRESSIVE;
				CLANG_CXX_LANGUAGE_STANDARD = "gnu++14";
				CLANG_CXX_LIBRARY = "libc++";
				CLANG_ENABLE_MODULES = YES;
				CLANG_ENABLE_OBJC_ARC = YES;
				CLANG_ENABLE_OBJC_WEAK = YES;
				CLANG_WARN_BLOCK_CAPTURE_AUTORELEASING = YES;
				CLANG_WARN_BOOL_CONVERSION = YES;
				CLANG_WARN_COMMA = YES;
				CLANG_WARN_CONSTANT_CONVERSION = YES;
				CLANG_WARN_DEPRECATED_OBJC_IMPLEMENTATIONS = YES;
				CLANG_WARN_DIRECT_OBJC_ISA_USAGE = YES_ERROR;
				CLANG_WARN_DOCUMENTATION_COMMENTS = YES;
				CLANG_WARN_EMPTY_BODY = YES;
				CLANG_WARN_ENUM_CONVERSION = YES;
				CLANG_WARN_INFINITE_RECURSION = YES;
				CLANG_WARN_INT_CONVERSION = YES;
				CLANG_WARN_NON_LITERAL_NULL_CONVERSION = YES;
				CLANG_WARN_OBJC_IMPLICIT_RETAIN_SELF = YES;
				CLANG_WARN_OBJC_LITERAL_CONVERSION = YES;
				CLANG_WARN_OBJC_ROOT_CLASS = YES_ERROR;
				CLANG_WARN_RANGE_LOOP_ANALYSIS = YES;
				CLANG_WARN_STRICT_PROTOTYPES = YES;
				CLANG_WARN_SUSPICIOUS_MOVE = YES;
				CLANG_WARN_UNGUARDED_AVAILABILITY = YES_AGGRESSIVE;
				CLANG_WARN_UNREACHABLE_CODE = YES;
				CLANG_WARN__DUPLICATE_METHOD_MATCH = YES;
				CODE_SIGN_IDENTITY = "-";
				COPY_PHASE_STRIP = NO;
				DEBUG_INFORMATION_FORMAT = dwarf;
				ENABLE_STRICT_OBJC_MSGSEND = YES;
				ENABLE_TESTABILITY = YES;
				GCC_C_LANGUAGE_STANDARD = gnu11;
				GCC_DYNAMIC_NO_PIC = NO;
				GCC_NO_COMMON_BLOCKS = YES;
				GCC_OPTIMIZATION_LEVEL = 0;
				GCC_PREPROCESSOR_DEFINITIONS = (
					"DEBUG=1",
					"$(inherited)",
				);
				GCC_WARN_64_TO_32_BIT_CONVERSION = YES;
				GCC_WARN_ABOUT_RETURN_TYPE = YES_ERROR;
				GCC_WARN_UNDECLARED_SELECTOR = YES;
				GCC_WARN_UNINITIALIZED_AUTOS = YES_AGGRESSIVE;
				GCC_WARN_UNUSED_FUNCTION = YES;
				GCC_WARN_UNUSED_VARIABLE = YES;
				MACOSX_DEPLOYMENT_TARGET = 10.13;
				MTL_ENABLE_DEBUG_INFO = YES;
				ONLY_ACTIVE_ARCH = YES;
				SDKROOT = macosx;
			};
			name = Debug;
		};
		1808A1DB212118D700238402 /* Release */ = {
			isa = XCBuildConfiguration;
			buildSettings = {
				ALWAYS_SEARCH_USER_PATHS = NO;
				CLANG_ANALYZER_NONNULL = YES;
				CLANG_ANALYZER_NUMBER_OBJECT_CONVERSION = YES_AGGRESSIVE;
				CLANG_CXX_LANGUAGE_STANDARD = "gnu++14";
				CLANG_CXX_LIBRARY = "libc++";
				CLANG_ENABLE_MODULES = YES;
				CLANG_ENABLE_OBJC_ARC = YES;
				CLANG_ENABLE_OBJC_WEAK = YES;
				CLANG_WARN_BLOCK_CAPTURE_AUTORELEASING = YES;
				CLANG_WARN_BOOL_CONVERSION = YES;
				CLANG_WARN_COMMA = YES;
				CLANG_WARN_CONSTANT_CONVERSION = YES;
				CLANG_WARN_DEPRECATED_OBJC_IMPLEMENTATIONS = YES;
				CLANG_WARN_DIRECT_OBJC_ISA_USAGE = YES_ERROR;
				CLANG_WARN_DOCUMENTATION_COMMENTS = YES;
				CLANG_WARN_EMPTY_BODY = YES;
				CLANG_WARN_ENUM_CONVERSION = YES;
				CLANG_WARN_INFINITE_RECURSION = YES;
				CLANG_WARN_INT_CONVERSION = YES;
				CLANG_WARN_NON_LITERAL_NULL_CONVERSION = YES;
				CLANG_WARN_OBJC_IMPLICIT_RETAIN_SELF = YES;
				CLANG_WARN_OBJC_LITERAL_CONVERSION = YES;
				CLANG_WARN_OBJC_ROOT_CLASS = YES_ERROR;
				CLANG_WARN_RANGE_LOOP_ANALYSIS = YES;
				CLANG_WARN_STRICT_PROTOTYPES = YES;
				CLANG_WARN_SUSPICIOUS_MOVE = YES;
				CLANG_WARN_UNGUARDED_AVAILABILITY = YES_AGGRESSIVE;
				CLANG_WARN_UNREACHABLE_CODE = YES;
				CLANG_WARN__DUPLICATE_METHOD_MATCH = YES;
				CODE_SIGN_IDENTITY = "-";
				COPY_PHASE_STRIP = NO;
				DEBUG_INFORMATION_FORMAT = "dwarf-with-dsym";
				ENABLE_NS_ASSERTIONS = NO;
				ENABLE_STRICT_OBJC_MSGSEND = YES;
				GCC_C_LANGUAGE_STANDARD = gnu11;
				GCC_NO_COMMON_BLOCKS = YES;
				GCC_WARN_64_TO_32_BIT_CONVERSION = YES;
				GCC_WARN_ABOUT_RETURN_TYPE = YES_ERROR;
				GCC_WARN_UNDECLARED_SELECTOR = YES;
				GCC_WARN_UNINITIALIZED_AUTOS = YES_AGGRESSIVE;
				GCC_WARN_UNUSED_FUNCTION = YES;
				GCC_WARN_UNUSED_VARIABLE = YES;
				MACOSX_DEPLOYMENT_TARGET = 10.13;
				MTL_ENABLE_DEBUG_INFO = NO;
				SDKROOT = macosx;
			};
			name = Release;
		};
		1808A1DD212118D700238402 /* Debug */ = {
			isa = XCBuildConfiguration;
			buildSettings = {
				CODE_SIGN_STYLE = Automatic;
				PRODUCT_NAME = "$(TARGET_NAME)";
			};
			name = Debug;
		};
		1808A1DE212118D700238402 /* Release */ = {
			isa = XCBuildConfiguration;
			buildSettings = {
				CODE_SIGN_STYLE = Automatic;
				PRODUCT_NAME = "$(TARGET_NAME)";
			};
			name = Release;
		};
/* End XCBuildConfiguration section */

/* Begin XCConfigurationList section */
		1808A1D0212118D700238402 /* Build configuration list for PBXProject "llvm转化" */ = {
			isa = XCConfigurationList;
			buildConfigurations = (
				1808A1DA212118D700238402 /* Debug */,
				1808A1DB212118D700238402 /* Release */,
			);
			defaultConfigurationIsVisible = 0;
			defaultConfigurationName = Release;
		};
		1808A1DC212118D700238402 /* Build configuration list for PBXNativeTarget "llvm转化" */ = {
			isa = XCConfigurationList;
			buildConfigurations = (
				1808A1DD212118D700238402 /* Debug */,
				1808A1DE212118D700238402 /* Release */,
			);
			defaultConfigurationIsVisible = 0;
			defaultConfigurationName = Release;
		};
/* End XCConfigurationList section */
	};
	rootObject = 1808A1CD212118D700238402 /* Project object */;
}
